
Microsoft Visual Studio Solution File, Format Version 12.00
# Visual Studio Version 17
VisualStudioVersion = 17.0.31903.59
MinimumVisualStudioVersion = 10.0.40219.1
Project("{FAE04EC0-301F-11D3-BF4B-00C04F79EFBC}") = "DependencyInversionPrinciple", "DependencyInversionPrinciple\DependencyInversionPrinciple.csproj", "{990C9EC0-C13C-4BB7-AC7F-216EE0905687}"
EndProject
Project("{FAE04EC0-301F-11D3-BF4B-00C04F79EFBC}") = "InterfaceSegregationPrinciple", "InterfaceSegregationPrinciple\InterfaceSegregationPrinciple.csproj", "{5C11D290-3288-4B07-91DF-B7847CF791D9}"
EndProject
Project("{FAE04EC0-301F-11D3-BF4B-00C04F79EFBC}") = "LiskovSubstitutionPrinciple", "LiskovSubstitutionPrinciple\LiskovSubstitutionPrinciple.csproj", "{E0FBB7AD-0BBD-43CE-B9D9-AF92021B7E9A}"
EndProject
Project("{FAE04EC0-301F-11D3-BF4B-00C04F79EFBC}") = "OpenClosedPrinciple", "OpenClosedPrinciple\OpenClosedPrinciple.csproj", "{FC38773D-10B3-4117-A0BE-B99264EE0F5C}"
EndProject
Project("{FAE04EC0-301F-11D3-BF4B-00C04F79EFBC}") = "SingleResponsibilityPrinciple", "SingleResponsibilityPrinciple\SingleResponsibilityPrinciple.csproj", "{ADA7ADE2-E9B6-4B27-A0D3-909C751A922B}"
EndProject
Global
	GlobalSection(SolutionConfigurationPlatforms) = preSolution
		Debug|Any CPU = Debug|Any CPU
		Release|Any CPU = Release|Any CPU
	EndGlobalSection
	GlobalSection(SolutionProperties) = preSolution
		HideSolutionNode = FALSE
	EndGlobalSection
	GlobalSection(ProjectConfigurationPlatforms) = postSolution
		{990C9EC0-C13C-4BB7-AC7F-216EE0905687}.Debug|Any CPU.ActiveCfg = Debug|Any CPU
		{990C9EC0-C13C-4BB7-AC7F-216EE0905687}.Debug|Any CPU.Build.0 = Debug|Any CPU
		{990C9EC0-C13C-4BB7-AC7F-216EE0905687}.Release|Any CPU.ActiveCfg = Release|Any CPU
		{990C9EC0-C13C-4BB7-AC7F-216EE0905687}.Release|Any CPU.Build.0 = Release|Any CPU
		{5C11D290-3288-4B07-91DF-B7847CF791D9}.Debug|Any CPU.ActiveCfg = Debug|Any CPU
		{5C11D290-3288-4B07-91DF-B7847CF791D9}.Debug|Any CPU.Build.0 = Debug|Any CPU
		{5C11D290-3288-4B07-91DF-B7847CF791D9}.Release|Any CPU.ActiveCfg = Release|Any CPU
		{5C11D290-3288-4B07-91DF-B7847CF791D9}.Release|Any CPU.Build.0 = Release|Any CPU
		{E0FBB7AD-0BBD-43CE-B9D9-AF92021B7E9A}.Debug|Any CPU.ActiveCfg = Debug|Any CPU
		{E0FBB7AD-0BBD-43CE-B9D9-AF92021B7E9A}.Debug|Any CPU.Build.0 = Debug|Any CPU
		{E0FBB7AD-0BBD-43CE-B9D9-AF92021B7E9A}.Release|Any CPU.ActiveCfg = Release|Any CPU
		{E0FBB7AD-0BBD-43CE-B9D9-AF92021B7E9A}.Release|Any CPU.Build.0 = Release|Any CPU
		{FC38773D-10B3-4117-A0BE-B99264EE0F5C}.Debug|Any CPU.ActiveCfg = Debug|Any CPU
		{FC38773D-10B3-4117-A0BE-B99264EE0F5C}.Debug|Any CPU.Build.0 = Debug|Any CPU
		{FC38773D-10B3-4117-A0BE-B99264EE0F5C}.Release|Any CPU.ActiveCfg = Release|Any CPU
		{FC38773D-10B3-4117-A0BE-B99264EE0F5C}.Release|Any CPU.Build.0 = Release|Any CPU
		{ADA7ADE2-E9B6-4B27-A0D3-909C751A922B}.Debug|Any CPU.ActiveCfg = Debug|Any CPU
		{ADA7ADE2-E9B6-4B27-A0D3-909C751A922B}.Debug|Any CPU.Build.0 = Debug|Any CPU
		{ADA7ADE2-E9B6-4B27-A0D3-909C751A922B}.Release|Any CPU.ActiveCfg = Release|Any CPU
		{ADA7ADE2-E9B6-4B27-A0D3-909C751A922B}.Release|Any CPU.Build.0 = Release|Any CPU
	EndGlobalSection
EndGlobal
